
Microsoft Visual Studio Solution File, Format Version 12.00
# Visual Studio 2012
Project("{FAE04EC0-301F-11D3-BF4B-00C04F79EFBC}") = "Testing", "Testing\Testing.csproj", "{3B2CC9B5-EF78-47BB-9303-37807E528DC1}"
EndProject
Project("{FAE04EC0-301F-11D3-BF4B-00C04F79EFBC}") = "EmployeeDataAccess", "EmployeeDataAccess\EmployeeDataAccess.csproj", "{743A4345-DC37-4BB4-9944-C8B8DE119C2E}"
EndProject
Global
	GlobalSection(SolutionConfigurationPlatforms) = preSolution
		Debug|Any CPU = Debug|Any CPU
		Release|Any CPU = Release|Any CPU
	EndGlobalSection
	GlobalSection(ProjectConfigurationPlatforms) = postSolution
		{3B2CC9B5-EF78-47BB-9303-37807E528DC1}.Debug|Any CPU.ActiveCfg = Debug|Any CPU
		{3B2CC9B5-EF78-47BB-9303-37807E528DC1}.Debug|Any CPU.Build.0 = Debug|Any CPU
		{3B2CC9B5-EF78-47BB-9303-37807E528DC1}.Release|Any CPU.ActiveCfg = Release|Any CPU
		{3B2CC9B5-EF78-47BB-9303-37807E528DC1}.Release|Any CPU.Build.0 = Release|Any CPU
		{743A4345-DC37-4BB4-9944-C8B8DE119C2E}.Debug|Any CPU.ActiveCfg = Debug|Any CPU
		{743A4345-DC37-4BB4-9944-C8B8DE119C2E}.Debug|Any CPU.Build.0 = Debug|Any CPU
		{743A4345-DC37-4BB4-9944-C8B8DE119C2E}.Release|Any CPU.ActiveCfg = Release|Any CPU
		{743A4345-DC37-4BB4-9944-C8B8DE119C2E}.Release|Any CPU.Build.0 = Release|Any CPU
	EndGlobalSection
	GlobalSection(SolutionProperties) = preSolution
		HideSolutionNode = FALSE
	EndGlobalSection
EndGlobal
